// !$*UTF8*$!
{
	archiveVersion = 1;
	classes = {
	};
	objectVersion = 77;
	objects = {

/* Begin PBXContainerItemProxy section */
		BD3F1DBC2FBB52D6002684D0 /* PBXContainerItemProxy */ = {
			isa = PBXContainerItemProxy;
			containerPortal = BD3F1DA32FBB52D1002684D0 /* Project object */;
			proxyType = 1;
			remoteGlobalIDString = BD3F1DAA2FBB52D1002684D0;
			remoteInfo = LocalKeyRemapper;
		};
		BD3F1DC62FBB52D6002684D0 /* PBXContainerItemProxy */ = {
			isa = PBXContainerItemProxy;
			containerPortal = BD3F1DA32FBB52D1002684D0 /* Project object */;
			proxyType = 1;
			remoteGlobalIDString = BD3F1DAA2FBB52D1002684D0;
			remoteInfo = LocalKeyRemapper;
		};
/* End PBXContainerItemProxy section */

/* Begin PBXFileReference section */
		BD3F1DAB2FBB52D1002684D0 /* LocalKeyRemapper.app */ = {isa = PBXFileReference; explicitFileType = wrapper.application; includeInIndex = 0; path = LocalKeyRemapper.app; sourceTree = BUILT_PRODUCTS_DIR; };
		BD3F1DBB2FBB52D6002684D0 /* LocalKeyRemapperTests.xctest */ = {isa = PBXFileReference; explicitFileType = wrapper.cfbundle; includeInIndex = 0; path = LocalKeyRemapperTests.xctest; sourceTree = BUILT_PRODUCTS_DIR; };
		BD3F1DC52FBB52D6002684D0 /* LocalKeyRemapperUITests.xctest */ = {isa = PBXFileReference; explicitFileType = wrapper.cfbundle; includeInIndex = 0; path = LocalKeyRemapperUITests.xctest; sourceTree = BUILT_PRODUCTS_DIR; };
		BD8B099230078F1700D42025 /* LocalKeyRemapper.xctestplan */ = {isa = PBXFileReference; lastKnownFileType = text; path = LocalKeyRemapper.xctestplan; sourceTree = "<group>"; };
/* End PBXFileReference section */

/* Begin PBXFileSystemSynchronizedGroupBuildPhaseMembershipExceptionSet section */
		BD8B09AA3007970300D42025 /* Exceptions for "LocalKeyRemapperTests" folder in "Copy Bundle Resources" phase from "LocalKeyRemapperTests" target */ = {
			isa = PBXFileSystemSynchronizedGroupBuildPhaseMembershipExceptionSet;
			buildPhase = BD3F1DB92FBB52D6002684D0 /* Resources */;
			membershipExceptions = (
				RemappingControllerTests.swift,
			);
		};
/* End PBXFileSystemSynchronizedGroupBuildPhaseMembershipExceptionSet section */

/* Begin PBXFileSystemSynchronizedRootGroup section */
		BD3F1DAD2FBB52D1002684D0 /* LocalKeyRemapper */ = {
			isa = PBXFileSystemSynchronizedRootGroup;
			path = LocalKeyRemapper;
			sourceTree = "<group>";
		};
		BD3F1DBE2FBB52D6002684D0 /* LocalKeyRemapperTests */ = {
			isa = PBXFileSystemSynchronizedRootGroup;
			exceptions = (
				BD8B09AA3007970300D42025 /* Exceptions for "LocalKeyRemapperTests" folder in "Copy Bundle Resources" phase from "LocalKeyRemapperTests" target */,
			);
			path = LocalKeyRemapperTests;
			sourceTree = "<group>";
		};
		BD3F1DC82FBB52D6002684D0 /* LocalKeyRemapperUITests */ = {
			isa = PBXFileSystemSynchronizedRootGroup;
			path = LocalKeyRemapperUITests;
			sourceTree = "<group>";
		};
/* End PBXFileSystemSynchronizedRootGroup section */

/* Begin PBXFrameworksBuildPhase section */
		BD3F1DA82FBB52D1002684D0 /* Frameworks */ = {
			isa = PBXFrameworksBuildPhase;
			buildActionMask = 2147483647;
			files = (
			);
			runOnlyForDeploymentPostprocessing = 0;
		};
		BD3F1DB82FBB52D6002684D0 /* Frameworks */ = {
			isa = PBXFrameworksBuildPhase;
			buildActionMask = 2147483647;
			files = (
			);
			runOnlyForDeploymentPostprocessing = 0;
		};
		BD3F1DC22FBB52D6002684D0 /* Frameworks */ = {
			isa = PBXFrameworksBuildPhase;
			buildActionMask = 2147483647;
			files = (
			);
			runOnlyForDeploymentPostprocessing = 0;
		};
/* End PBXFrameworksBuildPhase section */

/* Begin PBXGroup section */
		BD3F1DA22FBB52D1002684D0 = {
			isa = PBXGroup;
			children = (
				BD8B099230078F1700D42025 /* LocalKeyRemapper.xctestplan */,
				BD3F1DAD2FBB52D1002684D0 /* LocalKeyRemapper */,
				BD3F1DBE2FBB52D6002684D0 /* LocalKeyRemapperTests */,
				BD3F1DC82FBB52D6002684D0 /* LocalKeyRemapperUITests */,
				BD3F1DAC2FBB52D1002684D0 /* Products */,
			);
			sourceTree = "<group>";
		};
		BD3F1DAC2FBB52D1002684D0 /* Products */ = {
			isa = PBXGroup;
			children = (
				BD3F1DAB2FBB52D1002684D0 /* LocalKeyRemapper.app */,
				BD3F1DBB2FBB52D6002684D0 /* LocalKeyRemapperTests.xctest */,
				BD3F1DC52FBB52D6002684D0 /* LocalKeyRemapperUITests.xctest */,
			);
			name = Products;
			sourceTree = "<group>";
		};
/* End PBXGroup section */

/* Begin PBXNativeTarget section */
		BD3F1DAA2FBB52D1002684D0 /* LocalKeyRemapper */ = {
			isa = PBXNativeTarget;
			buildConfigurationList = BD3F1DCF2FBB52D6002684D0 /* Build configuration list for PBXNativeTarget "LocalKeyRemapper" */;
			buildPhases = (
				BD3F1DA72FBB52D1002684D0 /* Sources */,
				BD3F1DA82FBB52D1002684D0 /* Frameworks */,
				BD3F1DA92FBB52D1002684D0 /* Resources */,
			);
			buildRules = (
			);
			dependencies = (
			);
			fileSystemSynchronizedGroups = (
				BD3F1DAD2FBB52D1002684D0 /* LocalKeyRemapper */,
			);
			name = LocalKeyRemapper;
			packageProductDependencies = (
			);
			productName = LocalKeyRemapper;
			productReference = BD3F1DAB2FBB52D1002684D0 /* LocalKeyRemapper.app */;
			productType = "com.apple.product-type.application";
		};
		BD3F1DBA2FBB52D6002684D0 /* LocalKeyRemapperTests */ = {
			isa = PBXNativeTarget;
			buildConfigurationList = BD3F1DD22FBB52D6002684D0 /* Build configuration list for PBXNativeTarget "LocalKeyRemapperTests" */;
			buildPhases = (
				BD3F1DB72FBB52D6002684D0 /* Sources */,
				BD3F1DB82FBB52D6002684D0 /* Frameworks */,
				BD3F1DB92FBB52D6002684D0 /* Resources */,
			);
			buildRules = (
			);
			dependencies = (
				BD3F1DBD2FBB52D6002684D0 /* PBXTargetDependency */,
			);
			fileSystemSynchronizedGroups = (
				BD3F1DBE2FBB52D6002684D0 /* LocalKeyRemapperTests */,
			);
			name = LocalKeyRemapperTests;
			packageProductDependencies = (
			);
			productName = LocalKeyRemapperTests;
			productReference = BD3F1DBB2FBB52D6002684D0 /* LocalKeyRemapperTests.xctest */;
			productType = "com.apple.product-type.bundle.unit-test";
		};
		BD3F1DC42FBB52D6002684D0 /* LocalKeyRemapperUITests */ = {
			isa = PBXNativeTarget;
			buildConfigurationList = BD3F1DD52FBB52D6002684D0 /* Build configuration list for PBXNativeTarget "LocalKeyRemapperUITests" */;
			buildPhases = (
				BD3F1DC12FBB52D6002684D0 /* Sources */,
				BD3F1DC22FBB52D6002684D0 /* Frameworks */,
				BD3F1DC32FBB52D6002684D0 /* Resources */,
			);
			buildRules = (
			);
			dependencies = (
				BD3F1DC72FBB52D6002684D0 /* PBXTargetDependency */,
			);
			fileSystemSynchronizedGroups = (
				BD3F1DC82FBB52D6002684D0 /* LocalKeyRemapperUITests */,
			);
			name = LocalKeyRemapperUITests;
			packageProductDependencies = (
			);
			productName = LocalKeyRemapperUITests;
			productReference = BD3F1DC52FBB52D6002684D0 /* LocalKeyRemapperUITests.xctest */;
			productType = "com.apple.product-type.bundle.ui-testing";
		};
/* End PBXNativeTarget section */

/* Begin PBXProject section */
		BD3F1DA32FBB52D1002684D0 /* Project object */ = {
			isa = PBXProject;
			attributes = {
				BuildIndependentTargetsInParallel = 1;
				LastSwiftUpdateCheck = 2650;
				LastUpgradeCheck = 2660;
				TargetAttributes = {
					BD3F1DAA2FBB52D1002684D0 = {
						CreatedOnToolsVersion = 26.5;
					};
					BD3F1DBA2FBB52D6002684D0 = {
						CreatedOnToolsVersion = 26.5;
						TestTargetID = BD3F1DAA2FBB52D1002684D0;
					};
					BD3F1DC42FBB52D6002684D0 = {
						CreatedOnToolsVersion = 26.5;
						TestTargetID = BD3F1DAA2FBB52D1002684D0;
					};
				};
			};
			buildConfigurationList = BD3F1DA62FBB52D1002684D0 /* Build configuration list for PBXProject "LocalKeyRemapper" */;
			developmentRegion = en;
			hasScannedForEncodings = 0;
			knownRegions = (
				en,
				Base,
			);
			mainGroup = BD3F1DA22FBB52D1002684D0;
			minimizedProjectReferenceProxies = 1;
			preferredProjectObjectVersion = 77;
			productRefGroup = BD3F1DAC2FBB52D1002684D0 /* Products */;
			projectDirPath = "";
			projectRoot = "";
			targets = (
				BD3F1DAA2FBB52D1002684D0 /* LocalKeyRemapper */,
				BD3F1DBA2FBB52D6002684D0 /* LocalKeyRemapperTests */,
				BD3F1DC42FBB52D6002684D0 /* LocalKeyRemapperUITests */,
			);
		};
/* End PBXProject section */

/* Begin PBXResourcesBuildPhase section */
		BD3F1DA92FBB52D1002684D0 /* Resources */ = {
			isa = PBXResourcesBuildPhase;
			buildActionMask = 2147483647;
			files = (
			);
			runOnlyForDeploymentPostprocessing = 0;
		};
		BD3F1DB92FBB52D6002684D0 /* Resources */ = {
			isa = PBXResourcesBuildPhase;
			buildActionMask = 2147483647;
			files = (
			);
			runOnlyForDeploymentPostprocessing = 0;
		};
		BD3F1DC32FBB52D6002684D0 /* Resources */ = {
			isa = PBXResourcesBuildPhase;
			buildActionMask = 2147483647;
			files = (
			);
			runOnlyForDeploymentPostprocessing = 0;
		};
/* End PBXResourcesBuildPhase section */

/* Begin PBXSourcesBuildPhase section */
		BD3F1DA72FBB52D1002684D0 /* Sources */ = {
			isa = PBXSourcesBuildPhase;
			buildActionMask = 2147483647;
			files = (
			);
			runOnlyForDeploymentPostprocessing = 0;
		};
		BD3F1DB72FBB52D6002684D0 /* Sources */ = {
			isa = PBXSourcesBuildPhase;
			buildActionMask = 2147483647;
			files = (
			);
			runOnlyForDeploymentPostprocessing = 0;
		};
		BD3F1DC12FBB52D6002684D0 /* Sources */ = {
			isa = PBXSourcesBuildPhase;
			buildActionMask = 2147483647;
			files = (
			);
			runOnlyForDeploymentPostprocessing = 0;
		};
/* End PBXSourcesBuildPhase section */

/* Begin PBXTargetDependency section */
		BD3F1DBD2FBB52D6002684D0 /* PBXTargetDependency */ = {
			isa = PBXTargetDependency;
			target = BD3F1DAA2FBB52D1002684D0 /* LocalKeyRemapper */;
			targetProxy = BD3F1DBC2FBB52D6002684D0 /* PBXContainerItemProxy */;
		};
		BD3F1DC72FBB52D6002684D0 /* PBXTargetDependency */ = {
			isa = PBXTargetDependency;
			target = BD3F1DAA2FBB52D1002684D0 /* LocalKeyRemapper */;
			targetProxy = BD3F1DC62FBB52D6002684D0 /* PBXContainerItemProxy */;
		};
/* End PBXTargetDependency section */

/* Begin XCBuildConfiguration section */
		BD3F1DCD2FBB52D6002684D0 /* Debug */ = {
			isa = XCBuildConfiguration;
			buildSettings = {
				ALWAYS_SEARCH_USER_PATHS = NO;
				ASSETCATALOG_COMPILER_GENERATE_SWIFT_ASSET_SYMBOL_EXTENSIONS = YES;
				CLANG_ANALYZER_NONNULL = YES;
				CLANG_ANALYZER_NUMBER_OBJECT_CONVERSION = YES_AGGRESSIVE;
				CLANG_CXX_LANGUAGE_STANDARD = "gnu++20";
				CLANG_ENABLE_MODULES = YES;
				CLANG_ENABLE_OBJC_ARC = YES;
				CLANG_ENABLE_OBJC_WEAK = YES;
				CLANG_WARN_BLOCK_CAPTURE_AUTORELEASING = YES;
				CLANG_WARN_BOOL_CONVERSION = YES;
				CLANG_WARN_COMMA = YES;
				CLANG_WARN_CONSTANT_CONVERSION = YES;
				CLANG_WARN_DEPRECATED_OBJC_IMPLEMENTATIONS = YES;
				CLANG_WARN_DIRECT_OBJC_ISA_USAGE = YES_ERROR;
				CLANG_WARN_DOCUMENTATION_COMMENTS = YES;
				CLANG_WARN_EMPTY_BODY = YES;
				CLANG_WARN_ENUM_CONVERSION = YES;
				CLANG_WARN_INFINITE_RECURSION = YES;
				CLANG_WARN_INT_CONVERSION = YES;
				CLANG_WARN_NON_LITERAL_NULL_CONVERSION = YES;
				CLANG_WARN_OBJC_IMPLICIT_RETAIN_SELF = YES;
				CLANG_WARN_OBJC_LITERAL_CONVERSION = YES;
				CLANG_WARN_OBJC_ROOT_CLASS = YES_ERROR;
				CLANG_WARN_QUOTED_INCLUDE_IN_FRAMEWORK_HEADER = YES;
				CLANG_WARN_RANGE_LOOP_ANALYSIS = YES;
				CLANG_WARN_STRICT_PROTOTYPES = YES;
				CLANG_WARN_SUSPICIOUS_MOVE = YES;
				CLANG_WARN_UNGUARDED_AVAILABILITY = YES_AGGRESSIVE;
				CLANG_WARN_UNREACHABLE_CODE = YES;
				CLANG_WARN__DUPLICATE_METHOD_MATCH = YES;
				COPY_PHASE_STRIP = NO;
				DEAD_CODE_STRIPPING = YES;
				DEBUG_INFORMATION_FORMAT = dwarf;
				DEVELOPMENT_TEAM = H8YB7VCD4B;
				ENABLE_STRICT_OBJC_MSGSEND = YES;
				ENABLE_TESTABILITY = YES;
				ENABLE_USER_SCRIPT_SANDBOXING = YES;
				GCC_C_LANGUAGE_STANDARD = gnu17;
				GCC_DYNAMIC_NO_PIC = NO;
				GCC_NO_COMMON_BLOCKS = YES;
				GCC_OPTIMIZATION_LEVEL = 0;
				GCC_PREPROCESSOR_DEFINITIONS = (
					"DEBUG=1",
					"$(inherited)",
				);
				GCC_WARN_64_TO_32_BIT_CONVERSION = YES;
				GCC_WARN_ABOUT_RETURN_TYPE = YES_ERROR;
				GCC_WARN_UNDECLARED_SELECTOR = YES;
				GCC_WARN_UNINITIALIZED_AUTOS = YES_AGGRESSIVE;
				GCC_WARN_UNUSED_FUNCTION = YES;
				GCC_WARN_UNUSED_VARIABLE = YES;
				LOCALIZATION_PREFERS_STRING_CATALOGS = YES;
				MACOSX_DEPLOYMENT_TARGET = 26.3;
				MTL_ENABLE_DEBUG_INFO = INCLUDE_SOURCE;
				MTL_FAST_MATH = YES;
				ONLY_ACTIVE_ARCH = YES;
				SDKROOT = macosx;
				STRING_CATALOG_GENERATE_SYMBOLS = YES;
				SWIFT_ACTIVE_COMPILATION_CONDITIONS = "DEBUG $(inherited)";
				SWIFT_OPTIMIZATION_LEVEL = "-Onone";
			};
			name = Debug;
		};
		BD3F1DCE2FBB52D6002684D0 /* Release */ = {
			isa = XCBuildConfiguration;
			buildSettings = {
				ALWAYS_SEARCH_USER_PATHS = NO;
				ASSETCATALOG_COMPILER_GENERATE_SWIFT_ASSET_SYMBOL_EXTENSIONS = YES;
				CLANG_ANALYZER_NONNULL = YES;
				CLANG_ANALYZER_NUMBER_OBJECT_CONVERSION = YES_AGGRESSIVE;
				CLANG_CXX_LANGUAGE_STANDARD = "gnu++20";
				CLANG_ENABLE_MODULES = YES;
				CLANG_ENABLE_OBJC_ARC = YES;
				CLANG_ENABLE_OBJC_WEAK = YES;
				CLANG_WARN_BLOCK_CAPTURE_AUTORELEASING = YES;
				CLANG_WARN_BOOL_CONVERSION = YES;
				CLANG_WARN_COMMA = YES;
				CLANG_WARN_CONSTANT_CONVERSION = YES;
				CLANG_WARN_DEPRECATED_OBJC_IMPLEMENTATIONS = YES;
				CLANG_WARN_DIRECT_OBJC_ISA_USAGE = YES_ERROR;
				CLANG_WARN_DOCUMENTATION_COMMENTS = YES;
				CLANG_WARN_EMPTY_BODY = YES;
				CLANG_WARN_ENUM_CONVERSION = YES;
				CLANG_WARN_INFINITE_RECURSION = YES;
				CLANG_WARN_INT_CONVERSION = YES;
				CLANG_WARN_NON_LITERAL_NULL_CONVERSION = YES;
				CLANG_WARN_OBJC_IMPLICIT_RETAIN_SELF = YES;
				CLANG_WARN_OBJC_LITERAL_CONVERSION = YES;
				CLANG_WARN_OBJC_ROOT_CLASS = YES_ERROR;
				CLANG_WARN_QUOTED_INCLUDE_IN_FRAMEWORK_HEADER = YES;
				CLANG_WARN_RANGE_LOOP_ANALYSIS = YES;
				CLANG_WARN_STRICT_PROTOTYPES = YES;
				CLANG_WARN_SUSPICIOUS_MOVE = YES;
				CLANG_WARN_UNGUARDED_AVAILABILITY = YES_AGGRESSIVE;
				CLANG_WARN_UNREACHABLE_CODE = YES;
				CLANG_WARN__DUPLICATE_METHOD_MATCH = YES;
				COPY_PHASE_STRIP = NO;
				DEAD_CODE_STRIPPING = YES;
				DEBUG_INFORMATION_FORMAT = "dwarf-with-dsym";
				DEVELOPMENT_TEAM = H8YB7VCD4B;
				ENABLE_NS_ASSERTIONS = NO;
				ENABLE_STRICT_OBJC_MSGSEND = YES;
				ENABLE_USER_SCRIPT_SANDBOXING = YES;
				GCC_C_LANGUAGE_STANDARD = gnu17;
				GCC_NO_COMMON_BLOCKS = YES;
				GCC_WARN_64_TO_32_BIT_CONVERSION = YES;
				GCC_WARN_ABOUT_RETURN_TYPE = YES_ERROR;
				GCC_WARN_UNDECLARED_SELECTOR = YES;
				GCC_WARN_UNINITIALIZED_AUTOS = YES_AGGRESSIVE;
				GCC_WARN_UNUSED_FUNCTION = YES;
				GCC_WARN_UNUSED_VARIABLE = YES;
				LOCALIZATION_PREFERS_STRING_CATALOGS = YES;
				MACOSX_DEPLOYMENT_TARGET = 26.3;
				MTL_ENABLE_DEBUG_INFO = NO;
				MTL_FAST_MATH = YES;
				SDKROOT = macosx;
				STRING_CATALOG_GENERATE_SYMBOLS = YES;
				SWIFT_COMPILATION_MODE = wholemodule;
			};
			name = Release;
		};
		BD3F1DD02FBB52D6002684D0 /* Debug */ = {
			isa = XCBuildConfiguration;
			buildSettings = {
				ASSETCATALOG_COMPILER_APPICON_NAME = AppIcon;
				ASSETCATALOG_COMPILER_GLOBAL_ACCENT_COLOR_NAME = AccentColor;
				"CODE_SIGN_IDENTITY[sdk=macosx*]" = "Apple Development";
				CODE_SIGN_STYLE = Automatic;
				COMBINE_HIDPI_IMAGES = YES;
				CURRENT_PROJECT_VERSION = 1;
				DEAD_CODE_STRIPPING = YES;
				DEVELOPMENT_TEAM = H8YB7VCD4B;
				ENABLE_APP_SANDBOX = YES;
				ENABLE_HARDENED_RUNTIME = YES;
				ENABLE_USER_SELECTED_FILES = readonly;
				GENERATE_INFOPLIST_FILE = YES;
				INFOPLIST_KEY_LSUIElement = YES;
				INFOPLIST_KEY_NSHumanReadableCopyright = "";
				INFOPLIST_KEY_NSPrincipalClass = NSApplication;
				LD_RUNPATH_SEARCH_PATHS = (
					"$(inherited)",
					"@executable_path/../Frameworks",
				);
				MARKETING_VERSION = 1.0;
				PRODUCT_BUNDLE_IDENTIFIER = com.alessandrogiuriati.LocalKeyRemapper;
				PRODUCT_NAME = "$(TARGET_NAME)";
				REGISTER_APP_GROUPS = YES;
				STRING_CATALOG_GENERATE_SYMBOLS = YES;
				SWIFT_APPROACHABLE_CONCURRENCY = YES;
				SWIFT_DEFAULT_ACTOR_ISOLATION = MainActor;
				SWIFT_EMIT_LOC_STRINGS = YES;
				SWIFT_UPCOMING_FEATURE_MEMBER_IMPORT_VISIBILITY = YES;
				SWIFT_VERSION = 5.0;
			};
			name = Debug;
		};
		BD3F1DD12FBB52D6002684D0 /* Release */ = {
			isa = XCBuildConfiguration;
			buildSettings = {
				ASSETCATALOG_COMPILER_APPICON_NAME = AppIcon;
				ASSETCATALOG_COMPILER_GLOBAL_ACCENT_COLOR_NAME = AccentColor;
				CODE_SIGN_STYLE = Automatic;
				COMBINE_HIDPI_IMAGES = YES;
				CURRENT_PROJECT_VERSION = 1;
				DEAD_CODE_STRIPPING = YES;
				DEVELOPMENT_TEAM = H8YB7VCD4B;
				ENABLE_APP_SANDBOX = YES;
				ENABLE_HARDENED_RUNTIME = YES;
				ENABLE_USER_SELECTED_FILES = readonly;
				GENERATE_INFOPLIST_FILE = YES;
				INFOPLIST_KEY_LSUIElement = YES;
				INFOPLIST_KEY_NSHumanReadableCopyright = "";
				INFOPLIST_KEY_NSPrincipalClass = NSApplication;
				LD_RUNPATH_SEARCH_PATHS = (
					"$(inherited)",
					"@executable_path/../Frameworks",
				);
				MARKETING_VERSION = 1.0;
				PRODUCT_BUNDLE_IDENTIFIER = com.alessandrogiuriati.LocalKeyRemapper;
				PRODUCT_NAME = "$(TARGET_NAME)";
				REGISTER_APP_GROUPS = YES;
				STRING_CATALOG_GENERATE_SYMBOLS = YES;
				SWIFT_APPROACHABLE_CONCURRENCY = YES;
				SWIFT_DEFAULT_ACTOR_ISOLATION = MainActor;
				SWIFT_EMIT_LOC_STRINGS = YES;
				SWIFT_UPCOMING_FEATURE_MEMBER_IMPORT_VISIBILITY = YES;
				SWIFT_VERSION = 5.0;
			};
			name = Release;
		};
		BD3F1DD32FBB52D6002684D0 /* Debug */ = {
			isa = XCBuildConfiguration;
			buildSettings = {
				BUNDLE_LOADER = "$(TEST_HOST)";
				CODE_SIGN_STYLE = Automatic;
				CURRENT_PROJECT_VERSION = 1;
				DEAD_CODE_STRIPPING = YES;
				DEVELOPMENT_TEAM = H8YB7VCD4B;
				GENERATE_INFOPLIST_FILE = YES;
				MACOSX_DEPLOYMENT_TARGET = 26.3;
				MARKETING_VERSION = 1.0;
				PRODUCT_BUNDLE_IDENTIFIER = com.alessandrogiuriati.LocalKeyRemapperTests;
				PRODUCT_NAME = "$(TARGET_NAME)";
				STRING_CATALOG_GENERATE_SYMBOLS = NO;
				SWIFT_APPROACHABLE_CONCURRENCY = YES;
				SWIFT_EMIT_LOC_STRINGS = NO;
				SWIFT_UPCOMING_FEATURE_MEMBER_IMPORT_VISIBILITY = YES;
				SWIFT_VERSION = 5.0;
				TEST_HOST = "$(BUILT_PRODUCTS_DIR)/LocalKeyRemapper.app/$(BUNDLE_EXECUTABLE_FOLDER_PATH)/LocalKeyRemapper";
			};
			name = Debug;
		};
		BD3F1DD42FBB52D6002684D0 /* Release */ = {
			isa = XCBuildConfiguration;
			buildSettings = {
				BUNDLE_LOADER = "$(TEST_HOST)";
				CODE_SIGN_STYLE = Automatic;
				CURRENT_PROJECT_VERSION = 1;
				DEAD_CODE_STRIPPING = YES;
				DEVELOPMENT_TEAM = H8YB7VCD4B;
				GENERATE_INFOPLIST_FILE = YES;
				MACOSX_DEPLOYMENT_TARGET = 26.3;
				MARKETING_VERSION = 1.0;
				PRODUCT_BUNDLE_IDENTIFIER = com.alessandrogiuriati.LocalKeyRemapperTests;
				PRODUCT_NAME = "$(TARGET_NAME)";
				STRING_CATALOG_GENERATE_SYMBOLS = NO;
				SWIFT_APPROACHABLE_CONCURRENCY = YES;
				SWIFT_EMIT_LOC_STRINGS = NO;
				SWIFT_UPCOMING_FEATURE_MEMBER_IMPORT_VISIBILITY = YES;
				SWIFT_VERSION = 5.0;
				TEST_HOST = "$(BUILT_PRODUCTS_DIR)/LocalKeyRemapper.app/$(BUNDLE_EXECUTABLE_FOLDER_PATH)/LocalKeyRemapper";
			};
			name = Release;
		};
		BD3F1DD62FBB52D6002684D0 /* Debug */ = {
			isa = XCBuildConfiguration;
			buildSettings = {
				CODE_SIGN_STYLE = Automatic;
				CURRENT_PROJECT_VERSION = 1;
				DEAD_CODE_STRIPPING = YES;
				DEVELOPMENT_TEAM = H8YB7VCD4B;
				GENERATE_INFOPLIST_FILE = YES;
				MARKETING_VERSION = 1.0;
				PRODUCT_BUNDLE_IDENTIFIER = com.alessandrogiuriati.LocalKeyRemapperUITests;
				PRODUCT_NAME = "$(TARGET_NAME)";
				STRING_CATALOG_GENERATE_SYMBOLS = NO;
				SWIFT_APPROACHABLE_CONCURRENCY = YES;
				SWIFT_EMIT_LOC_STRINGS = NO;
				SWIFT_UPCOMING_FEATURE_MEMBER_IMPORT_VISIBILITY = YES;
				SWIFT_VERSION = 5.0;
				TEST_TARGET_NAME = LocalKeyRemapper;
			};
			name = Debug;
		};
		BD3F1DD72FBB52D6002684D0 /* Release */ = {
			isa = XCBuildConfiguration;
			buildSettings = {
				CODE_SIGN_STYLE = Automatic;
				CURRENT_PROJECT_VERSION = 1;
				DEAD_CODE_STRIPPING = YES;
				DEVELOPMENT_TEAM = H8YB7VCD4B;
				GENERATE_INFOPLIST_FILE = YES;
				MARKETING_VERSION = 1.0;
				PRODUCT_BUNDLE_IDENTIFIER = com.alessandrogiuriati.LocalKeyRemapperUITests;
				PRODUCT_NAME = "$(TARGET_NAME)";
				STRING_CATALOG_GENERATE_SYMBOLS = NO;
				SWIFT_APPROACHABLE_CONCURRENCY = YES;
				SWIFT_EMIT_LOC_STRINGS = NO;
				SWIFT_UPCOMING_FEATURE_MEMBER_IMPORT_VISIBILITY = YES;
				SWIFT_VERSION = 5.0;
				TEST_TARGET_NAME = LocalKeyRemapper;
			};
			name = Release;
		};
/* End XCBuildConfiguration section */

/* Begin XCConfigurationList section */
		BD3F1DA62FBB52D1002684D0 /* Build configuration list for PBXProject "LocalKeyRemapper" */ = {
			isa = XCConfigurationList;
			buildConfigurations = (
				BD3F1DCD2FBB52D6002684D0 /* Debug */,
				BD3F1DCE2FBB52D6002684D0 /* Release */,
			);
			defaultConfigurationIsVisible = 0;
			defaultConfigurationName = Release;
		};
		BD3F1DCF2FBB52D6002684D0 /* Build configuration list for PBXNativeTarget "LocalKeyRemapper" */ = {
			isa = XCConfigurationList;
			buildConfigurations = (
				BD3F1DD02FBB52D6002684D0 /* Debug */,
				BD3F1DD12FBB52D6002684D0 /* Release */,
			);
			defaultConfigurationIsVisible = 0;
			defaultConfigurationName = Release;
		};
		BD3F1DD22FBB52D6002684D0 /* Build configuration list for PBXNativeTarget "LocalKeyRemapperTests" */ = {
			isa = XCConfigurationList;
			buildConfigurations = (
				BD3F1DD32FBB52D6002684D0 /* Debug */,
				BD3F1DD42FBB52D6002684D0 /* Release */,
			);
			defaultConfigurationIsVisible = 0;
			defaultConfigurationName = Release;
		};
		BD3F1DD52FBB52D6002684D0 /* Build configuration list for PBXNativeTarget "LocalKeyRemapperUITests" */ = {
			isa = XCConfigurationList;
			buildConfigurations = (
				BD3F1DD62FBB52D6002684D0 /* Debug */,
				BD3F1DD72FBB52D6002684D0 /* Release */,
			);
			defaultConfigurationIsVisible = 0;
			defaultConfigurationName = Release;
		};
/* End XCConfigurationList section */
	};
	rootObject = BD3F1DA32FBB52D1002684D0 /* Project object */;
}
